# This file is generated by running "yarn install" inside your project.
# Manual changes might be lost - proceed with caution!

__metadata:
  version: 8
  cacheKey: 10c0

"@clarity-suite/clarity-life@workspace:apps/clarity-life":
  version: 0.0.0-use.local
  resolution: "@clarity-suite/clarity-life@workspace:apps/clarity-life"
  languageName: unknown
  linkType: soft

"@esbuild/aix-ppc64@npm:0.25.6":
  version: 0.25.6
  resolution: "@esbuild/aix-ppc64@npm:0.25.6"
  conditions: os=aix & cpu=ppc64
  languageName: node
  linkType: hard

"@esbuild/android-arm64@npm:0.25.6":
  version: 0.25.6
  resolution: "@esbuild/android-arm64@npm:0.25.6"
  conditions: os=android & cpu=arm64
  languageName: node
  linkType: hard

"@esbuild/android-arm@npm:0.25.6":
  version: 0.25.6
  resolution: "@esbuild/android-arm@npm:0.25.6"
  conditions: os=android & cpu=arm
  languageName: node
  linkType: hard

"@esbuild/android-x64@npm:0.25.6":
  version: 0.25.6
  resolution: "@esbuild/android-x64@npm:0.25.6"
  conditions: os=android & cpu=x64
  languageName: node
  linkType: hard

"@esbuild/darwin-arm64@npm:0.25.6":
  version: 0.25.6
  resolution: "@esbuild/darwin-arm64@npm:0.25.6"
  conditions: os=darwin & cpu=arm64
  languageName: node
  linkType: hard

"@esbuild/darwin-x64@npm:0.25.6":
  version: 0.25.6
  resolution: "@esbuild/darwin-x64@npm:0.25.6"
  conditions: os=darwin & cpu=x64
  languageName: node
  linkType: hard

"@esbuild/freebsd-arm64@npm:0.25.6":
  version: 0.25.6
  resolution: "@esbuild/freebsd-arm64@npm:0.25.6"
  conditions: os=freebsd & cpu=arm64
  languageName: node
  linkType: hard

"@esbuild/freebsd-x64@npm:0.25.6":
  version: 0.25.6
  resolution: "@esbuild/freebsd-x64@npm:0.25.6"
  conditions: os=freebsd & cpu=x64
  languageName: node
  linkType: hard

"@esbuild/linux-arm64@npm:0.25.6":
  version: 0.25.6
  resolution: "@esbuild/linux-arm64@npm:0.25.6"
  conditions: os=linux & cpu=arm64
  languageName: node
  linkType: hard

"@esbuild/linux-arm@npm:0.25.6":
  version: 0.25.6
  resolution: "@esbuild/linux-arm@npm:0.25.6"
  conditions: os=linux & cpu=arm
  languageName: node
  linkType: hard

"@esbuild/linux-ia32@npm:0.25.6":
  version: 0.25.6
  resolution: "@esbuild/linux-ia32@npm:0.25.6"
  conditions: os=linux & cpu=ia32
  languageName: node
  linkType: hard

"@esbuild/linux-loong64@npm:0.25.6":
  version: 0.25.6
  resolution: "@esbuild/linux-loong64@npm:0.25.6"
  conditions: os=linux & cpu=loong64
  languageName: node
  linkType: hard

"@esbuild/linux-mips64el@npm:0.25.6":
  version: 0.25.6
  resolution: "@esbuild/linux-mips64el@npm:0.25.6"
  conditions: os=linux & cpu=mips64el
  languageName: node
  linkType: hard

"@esbuild/linux-ppc64@npm:0.25.6":
  version: 0.25.6
  resolution: "@esbuild/linux-ppc64@npm:0.25.6"
  conditions: os=linux & cpu=ppc64
  languageName: node
  linkType: hard

"@esbuild/linux-riscv64@npm:0.25.6":
  version: 0.25.6
  resolution: "@esbuild/linux-riscv64@npm:0.25.6"
  conditions: os=linux & cpu=riscv64
  languageName: node
  linkType: hard

"@esbuild/linux-s390x@npm:0.25.6":
  version: 0.25.6
  resolution: "@esbuild/linux-s390x@npm:0.25.6"
  conditions: os=linux & cpu=s390x
  languageName: node
  linkType: hard

"@esbuild/linux-x64@npm:0.25.6":
  version: 0.25.6
  resolution: "@esbuild/linux-x64@npm:0.25.6"
  conditions: os=linux & cpu=x64
  languageName: node
  linkType: hard

"@esbuild/netbsd-arm64@npm:0.25.6":
  version: 0.25.6
  resolution: "@esbuild/netbsd-arm64@npm:0.25.6"
  conditions: os=netbsd & cpu=arm64
  languageName: node
  linkType: hard

"@esbuild/netbsd-x64@npm:0.25.6":
  version: 0.25.6
  resolution: "@esbuild/netbsd-x64@npm:0.25.6"
  conditions: os=netbsd & cpu=x64
  languageName: node
  linkType: hard

"@esbuild/openbsd-arm64@npm:0.25.6":
  version: 0.25.6
  resolution: "@esbuild/openbsd-arm64@npm:0.25.6"
  conditions: os=openbsd & cpu=arm64
  languageName: node
  linkType: hard

"@esbuild/openbsd-x64@npm:0.25.6":
  version: 0.25.6
  resolution: "@esbuild/openbsd-x64@npm:0.25.6"
  conditions: os=openbsd & cpu=x64
  languageName: node
  linkType: hard

"@esbuild/openharmony-arm64@npm:0.25.6":
  version: 0.25.6
  resolution: "@esbuild/openharmony-arm64@npm:0.25.6"
  conditions: os=openharmony & cpu=arm64
  languageName: node
  linkType: hard

"@esbuild/sunos-x64@npm:0.25.6":
  version: 0.25.6
  resolution: "@esbuild/sunos-x64@npm:0.25.6"
  conditions: os=sunos & cpu=x64
  languageName: node
  linkType: hard

"@esbuild/win32-arm64@npm:0.25.6":
  version: 0.25.6
  resolution: "@esbuild/win32-arm64@npm:0.25.6"
  conditions: os=win32 & cpu=arm64
  languageName: node
  linkType: hard

"@esbuild/win32-ia32@npm:0.25.6":
  version: 0.25.6
  resolution: "@esbuild/win32-ia32@npm:0.25.6"
  conditions: os=win32 & cpu=ia32
  languageName: node
  linkType: hard

"@esbuild/win32-x64@npm:0.25.6":
  version: 0.25.6
  resolution: "@esbuild/win32-x64@npm:0.25.6"
  conditions: os=win32 & cpu=x64
  languageName: node
  linkType: hard

"@notionhq/client@npm:^3.1.3":
  version: 3.1.3
  resolution: "@notionhq/client@npm:3.1.3"
  checksum: 10c0/433620e09610272ae2b73cac29e714e2f53ba24c5b3705f1892861cae493d29b511dd297c52a08bb76405cea57305dec7e00169514e4445501354e063486c82d
  languageName: node
  linkType: hard

"@types/google-apps-script@npm:^1.0.97":
  version: 1.0.99
  resolution: "@types/google-apps-script@npm:1.0.99"
  checksum: 10c0/b633b31a8e8bef88b1b687c1842feda4f4360b3f03e9060fb3bf4eacea4b08067f6c2e005fce187ddee8704cf01a9c006d2fa00b41c5f4fad8405bcebf31dc89
  languageName: node
  linkType: hard

"clarity-suite@workspace:.":
  version: 0.0.0-use.local
  resolution: "clarity-suite@workspace:."
  dependencies:
    "@notionhq/client": "npm:^3.1.3"
    "@types/google-apps-script": "npm:^1.0.97"
    clasp: "npm:^1.0.0"
    esbuild: "npm:^0.25.5"
    prettier: "npm:^3.6.2"
    turbo: "npm:^2.5.4"
    typescript: "npm:^5.8.3"
  languageName: unknown
  linkType: soft

"clasp@npm:^1.0.0":
  version: 1.0.0
  resolution: "clasp@npm:1.0.0"
  checksum: 10c0/b23af7749b2cc155d1be782e30d02fb8785c5a801b8d10b3e77c7eed2f2eb1c6cc02a381dd57a79ae8cc09330b1eac8577298db93997c30a83792bc6b218354a
  languageName: node
  linkType: hard

"esbuild@npm:^0.25.5":
  version: 0.25.6
  resolution: "esbuild@npm:0.25.6"
  dependencies:
    "@esbuild/aix-ppc64": "npm:0.25.6"
    "@esbuild/android-arm": "npm:0.25.6"
    "@esbuild/android-arm64": "npm:0.25.6"
    "@esbuild/android-x64": "npm:0.25.6"
    "@esbuild/darwin-arm64": "npm:0.25.6"
    "@esbuild/darwin-x64": "npm:0.25.6"
    "@esbuild/freebsd-arm64": "npm:0.25.6"
    "@esbuild/freebsd-x64": "npm:0.25.6"
    "@esbuild/linux-arm": "npm:0.25.6"
    "@esbuild/linux-arm64": "npm:0.25.6"
    "@esbuild/linux-ia32": "npm:0.25.6"
    "@esbuild/linux-loong64": "npm:0.25.6"
    "@esbuild/linux-mips64el": "npm:0.25.6"
    "@esbuild/linux-ppc64": "npm:0.25.6"
    "@esbuild/linux-riscv64": "npm:0.25.6"
    "@esbuild/linux-s390x": "npm:0.25.6"
    "@esbuild/linux-x64": "npm:0.25.6"
    "@esbuild/netbsd-arm64": "npm:0.25.6"
    "@esbuild/netbsd-x64": "npm:0.25.6"
    "@esbuild/openbsd-arm64": "npm:0.25.6"
    "@esbuild/openbsd-x64": "npm:0.25.6"
    "@esbuild/openharmony-arm64": "npm:0.25.6"
    "@esbuild/sunos-x64": "npm:0.25.6"
    "@esbuild/win32-arm64": "npm:0.25.6"
    "@esbuild/win32-ia32": "npm:0.25.6"
    "@esbuild/win32-x64": "npm:0.25.6"
  dependenciesMeta:
    "@esbuild/aix-ppc64":
      optional: true
    "@esbuild/android-arm":
      optional: true
    "@esbuild/android-arm64":
      optional: true
    "@esbuild/android-x64":
      optional: true
    "@esbuild/darwin-arm64":
      optional: true
    "@esbuild/darwin-x64":
      optional: true
    "@esbuild/freebsd-arm64":
      optional: true
    "@esbuild/freebsd-x64":
      optional: true
    "@esbuild/linux-arm":
      optional: true
    "@esbuild/linux-arm64":
      optional: true
    "@esbuild/linux-ia32":
      optional: true
    "@esbuild/linux-loong64":
      optional: true
    "@esbuild/linux-mips64el":
      optional: true
    "@esbuild/linux-ppc64":
      optional: true
    "@esbuild/linux-riscv64":
      optional: true
    "@esbuild/linux-s390x":
      optional: true
    "@esbuild/linux-x64":
      optional: true
    "@esbuild/netbsd-arm64":
      optional: true
    "@esbuild/netbsd-x64":
      optional: true
    "@esbuild/openbsd-arm64":
      optional: true
    "@esbuild/openbsd-x64":
      optional: true
    "@esbuild/openharmony-arm64":
      optional: true
    "@esbuild/sunos-x64":
      optional: true
    "@esbuild/win32-arm64":
      optional: true
    "@esbuild/win32-ia32":
      optional: true
    "@esbuild/win32-x64":
      optional: true
  bin:
    esbuild: bin/esbuild
  checksum: 10c0/6c2ddc66d8789d75bfa940fddf51a6a98b0fcb474f090669b47091f587e8c3e8e7da57d769b770fd8133268dd5bfc7055318aea0bca6f7c725220d7550437b42
  languageName: node
  linkType: hard

"prettier@npm:^3.6.2":
  version: 3.6.2
  resolution: "prettier@npm:3.6.2"
  bin:
    prettier: bin/prettier.cjs
  checksum: 10c0/488cb2f2b99ec13da1e50074912870217c11edaddedeadc649b1244c749d15ba94e846423d062e2c4c9ae683e2d65f754de28889ba06e697ac4f988d44f45812
  languageName: node
  linkType: hard

"turbo-darwin-64@npm:2.5.4":
  version: 2.5.4
  resolution: "turbo-darwin-64@npm:2.5.4"
  conditions: os=darwin & cpu=x64
  languageName: node
  linkType: hard

"turbo-darwin-arm64@npm:2.5.4":
  version: 2.5.4
  resolution: "turbo-darwin-arm64@npm:2.5.4"
  conditions: os=darwin & cpu=arm64
  languageName: node
  linkType: hard

"turbo-linux-64@npm:2.5.4":
  version: 2.5.4
  resolution: "turbo-linux-64@npm:2.5.4"
  conditions: os=linux & cpu=x64
  languageName: node
  linkType: hard

"turbo-linux-arm64@npm:2.5.4":
  version: 2.5.4
  resolution: "turbo-linux-arm64@npm:2.5.4"
  conditions: os=linux & cpu=arm64
  languageName: node
  linkType: hard

"turbo-windows-64@npm:2.5.4":
  version: 2.5.4
  resolution: "turbo-windows-64@npm:2.5.4"
  conditions: os=win32 & cpu=x64
  languageName: node
  linkType: hard

"turbo-windows-arm64@npm:2.5.4":
  version: 2.5.4
  resolution: "turbo-windows-arm64@npm:2.5.4"
  conditions: os=win32 & cpu=arm64
  languageName: node
  linkType: hard

"turbo@npm:^2.5.4":
  version: 2.5.4
  resolution: "turbo@npm:2.5.4"
  dependencies:
    turbo-darwin-64: "npm:2.5.4"
    turbo-darwin-arm64: "npm:2.5.4"
    turbo-linux-64: "npm:2.5.4"
    turbo-linux-arm64: "npm:2.5.4"
    turbo-windows-64: "npm:2.5.4"
    turbo-windows-arm64: "npm:2.5.4"
  dependenciesMeta:
    turbo-darwin-64:
      optional: true
    turbo-darwin-arm64:
      optional: true
    turbo-linux-64:
      optional: true
    turbo-linux-arm64:
      optional: true
    turbo-windows-64:
      optional: true
    turbo-windows-arm64:
      optional: true
  bin:
    turbo: bin/turbo
  checksum: 10c0/81af22a24ca643d25f344184e4f37b8b70f118c9a3af13e6b6604b652eb0a7d98fdb03c195457ed1831ecf246ef06cb9566ae3e361d105fe89fbcdbb3f135c38
  languageName: node
  linkType: hard

"typescript@npm:^5.8.3":
  version: 5.8.3
  resolution: "typescript@npm:5.8.3"
  bin:
    tsc: bin/tsc
    tsserver: bin/tsserver
  checksum: 10c0/5f8bb01196e542e64d44db3d16ee0e4063ce4f3e3966df6005f2588e86d91c03e1fb131c2581baf0fb65ee79669eea6e161cd448178986587e9f6844446dbb48
  languageName: node
  linkType: hard

"typescript@patch:typescript@npm%3A^5.8.3#optional!builtin<compat/typescript>":
  version: 5.8.3
  resolution: "typescript@patch:typescript@npm%3A5.8.3#optional!builtin<compat/typescript>::version=5.8.3&hash=5786d5"
  bin:
    tsc: bin/tsc
    tsserver: bin/tsserver
  checksum: 10c0/39117e346ff8ebd87ae1510b3a77d5d92dae5a89bde588c747d25da5c146603a99c8ee588c7ef80faaf123d89ed46f6dbd918d534d641083177d5fac38b8a1cb
  languageName: node
  linkType: hard
