# This file is generated by running "yarn install" inside your project.
# Manual changes might be lost - proceed with caution!

__metadata:
  version: 8
  cacheKey: 10c0

"@types/google-apps-script@npm:^1.0.97":
  version: 1.0.97
  resolution: "@types/google-apps-script@npm:1.0.97"
  checksum: 10c0/c4f6e36c89ee70bda2662c0c84616f95b9a1882dfb81f264a04a8a226770e13a3be342179f743d5dea2128257654982e226cc5fec18affee394dc34a7832f6dd
  languageName: node
  linkType: hard

"clasp@npm:^1.0.0":
  version: 1.0.0
  resolution: "clasp@npm:1.0.0"
  checksum: 10c0/b23af7749b2cc155d1be782e30d02fb8785c5a801b8d10b3e77c7eed2f2eb1c6cc02a381dd57a79ae8cc09330b1eac8577298db93997c30a83792bc6b218354a
  languageName: node
  linkType: hard

"price-tracker@workspace:.":
  version: 0.0.0-use.local
  resolution: "price-tracker@workspace:."
  dependencies:
    "@types/google-apps-script": "npm:^1.0.97"
    clasp: "npm:^1.0.0"
    typescript: "npm:^5.8.3"
  languageName: unknown
  linkType: soft

"typescript@npm:^5.8.3":
  version: 5.8.3
  resolution: "typescript@npm:5.8.3"
  bin:
    tsc: bin/tsc
    tsserver: bin/tsserver
  checksum: 10c0/5f8bb01196e542e64d44db3d16ee0e4063ce4f3e3966df6005f2588e86d91c03e1fb131c2581baf0fb65ee79669eea6e161cd448178986587e9f6844446dbb48
  languageName: node
  linkType: hard

"typescript@patch:typescript@npm%3A^5.8.3#optional!builtin<compat/typescript>":
  version: 5.8.3
  resolution: "typescript@patch:typescript@npm%3A5.8.3#optional!builtin<compat/typescript>::version=5.8.3&hash=5786d5"
  bin:
    tsc: bin/tsc
    tsserver: bin/tsserver
  checksum: 10c0/39117e346ff8ebd87ae1510b3a77d5d92dae5a89bde588c747d25da5c146603a99c8ee588c7ef80faaf123d89ed46f6dbd918d534d641083177d5fac38b8a1cb
  languageName: node
  linkType: hard
